
Microsoft Visual Studio Solution File, Format Version 12.00
# Visual Studio Version 16
VisualStudioVersion = 16.0.31613.86
MinimumVisualStudioVersion = 10.0.40219.1
Project("{FAE04EC0-301F-11D3-BF4B-00C04F79EFBC}") = "Lab.Send", "src\Lab.Send\Lab.Send.csproj", "{52C7C6B8-ABBF-42EF-9F83-BEDC1F68BC71}"
EndProject
Project("{FAE04EC0-301F-11D3-BF4B-00C04F79EFBC}") = "Lab.Receive", "src\Lab.Receive\Lab.Receive.csproj", "{FFFFE9C2-82BE-4EE1-BC97-9E078E173A62}"
EndProject
Global
	GlobalSection(SolutionConfigurationPlatforms) = preSolution
		Debug|Any CPU = Debug|Any CPU
		Release|Any CPU = Release|Any CPU
	EndGlobalSection
	GlobalSection(ProjectConfigurationPlatforms) = postSolution
		{52C7C6B8-ABBF-42EF-9F83-BEDC1F68BC71}.Debug|Any CPU.ActiveCfg = Debug|Any CPU
		{52C7C6B8-ABBF-42EF-9F83-BEDC1F68BC71}.Debug|Any CPU.Build.0 = Debug|Any CPU
		{52C7C6B8-ABBF-42EF-9F83-BEDC1F68BC71}.Release|Any CPU.ActiveCfg = Release|Any CPU
		{52C7C6B8-ABBF-42EF-9F83-BEDC1F68BC71}.Release|Any CPU.Build.0 = Release|Any CPU
		{FFFFE9C2-82BE-4EE1-BC97-9E078E173A62}.Debug|Any CPU.ActiveCfg = Debug|Any CPU
		{FFFFE9C2-82BE-4EE1-BC97-9E078E173A62}.Debug|Any CPU.Build.0 = Debug|Any CPU
		{FFFFE9C2-82BE-4EE1-BC97-9E078E173A62}.Release|Any CPU.ActiveCfg = Release|Any CPU
		{FFFFE9C2-82BE-4EE1-BC97-9E078E173A62}.Release|Any CPU.Build.0 = Release|Any CPU
	EndGlobalSection
	GlobalSection(SolutionProperties) = preSolution
		HideSolutionNode = FALSE
	EndGlobalSection
	GlobalSection(ExtensibilityGlobals) = postSolution
		SolutionGuid = {B7A8F763-0435-4DBF-B992-ABAD62C50548}
	EndGlobalSection
EndGlobal
